
Microsoft Visual Studio Solution File, Format Version 12.00
# Visual Studio Version 17
VisualStudioVersion = 17.1.32328.378
MinimumVisualStudioVersion = 10.0.40219.1
Project("{FAE04EC0-301F-11D3-BF4B-00C04F79EFBC}") = "DiscoApp", "DiscoApp.csproj", "{4FE6FF64-991D-43E9-A1BD-FBA9E59B73F8}"
EndProject
Global
	GlobalSection(SolutionConfigurationPlatforms) = preSolution
		Debug|Any CPU = Debug|Any CPU
		Release|Any CPU = Release|Any CPU
	EndGlobalSection
	GlobalSection(ProjectConfigurationPlatforms) = postSolution
		{4FE6FF64-991D-43E9-A1BD-FBA9E59B73F8}.Debug|Any CPU.ActiveCfg = Debug|Any CPU
		{4FE6FF64-991D-43E9-A1BD-FBA9E59B73F8}.Debug|Any CPU.Build.0 = Debug|Any CPU
		{4FE6FF64-991D-43E9-A1BD-FBA9E59B73F8}.Release|Any CPU.ActiveCfg = Release|Any CPU
		{4FE6FF64-991D-43E9-A1BD-FBA9E59B73F8}.Release|Any CPU.Build.0 = Release|Any CPU
	EndGlobalSection
	GlobalSection(SolutionProperties) = preSolution
		HideSolutionNode = FALSE
	EndGlobalSection
	GlobalSection(ExtensibilityGlobals) = postSolution
		SolutionGuid = {C56C9245-2DB9-47FC-A09B-81A6112E957E}
	EndGlobalSection
EndGlobal
