
Microsoft Visual Studio Solution File, Format Version 12.00
# Visual Studio Version 17
VisualStudioVersion = 17.1.32328.378
MinimumVisualStudioVersion = 10.0.40219.1
Project("{FAE04EC0-301F-11D3-BF4B-00C04F79EFBC}") = "ImageDownloaderApp", "ImageDownloaderApp.csproj", "{61DCB4DA-D1E7-481B-AE48-38518EDB4A02}"
EndProject
Project("{FAE04EC0-301F-11D3-BF4B-00C04F79EFBC}") = "ImageDownloaderApp.Tests", "..\ImageDownloaderApp.Tests\ImageDownloaderApp.Tests.csproj", "{528D76C1-12F2-445A-B9D3-F1A2AC04E38F}"
EndProject
Global
	GlobalSection(SolutionConfigurationPlatforms) = preSolution
		Debug|Any CPU = Debug|Any CPU
		Release|Any CPU = Release|Any CPU
	EndGlobalSection
	GlobalSection(ProjectConfigurationPlatforms) = postSolution
		{61DCB4DA-D1E7-481B-AE48-38518EDB4A02}.Debug|Any CPU.ActiveCfg = Debug|Any CPU
		{61DCB4DA-D1E7-481B-AE48-38518EDB4A02}.Debug|Any CPU.Build.0 = Debug|Any CPU
		{61DCB4DA-D1E7-481B-AE48-38518EDB4A02}.Release|Any CPU.ActiveCfg = Release|Any CPU
		{61DCB4DA-D1E7-481B-AE48-38518EDB4A02}.Release|Any CPU.Build.0 = Release|Any CPU
		{528D76C1-12F2-445A-B9D3-F1A2AC04E38F}.Debug|Any CPU.ActiveCfg = Debug|Any CPU
		{528D76C1-12F2-445A-B9D3-F1A2AC04E38F}.Debug|Any CPU.Build.0 = Debug|Any CPU
		{528D76C1-12F2-445A-B9D3-F1A2AC04E38F}.Release|Any CPU.ActiveCfg = Release|Any CPU
		{528D76C1-12F2-445A-B9D3-F1A2AC04E38F}.Release|Any CPU.Build.0 = Release|Any CPU
	EndGlobalSection
	GlobalSection(SolutionProperties) = preSolution
		HideSolutionNode = FALSE
	EndGlobalSection
	GlobalSection(ExtensibilityGlobals) = postSolution
		SolutionGuid = {5A1C1476-7358-418D-AF2D-8D78785F2223}
	EndGlobalSection
EndGlobal
